
Microsoft Visual Studio Solution File, Format Version 11.00
# Visual Studio 2010
Project("{FAE04EC0-301F-11D3-BF4B-00C04F79EFBC}") = "Assembly-CSharp", "Assembly-CSharp.csproj", "{F29D116D-F98C-3D3D-FF29-5B41DB01523C}"
EndProject
Project("{FAE04EC0-301F-11D3-BF4B-00C04F79EFBC}") = "Assembly-CSharp-Editor", "Assembly-CSharp-Editor.csproj", "{644D5CEC-1AC3-8FC0-706A-DBEF0875ECE0}"
EndProject
Global
	GlobalSection(SolutionConfigurationPlatforms) = preSolution
		Debug|Any CPU = Debug|Any CPU
		Release|Any CPU = Release|Any CPU
	EndGlobalSection
	GlobalSection(ProjectConfigurationPlatforms) = postSolution
		{F29D116D-F98C-3D3D-FF29-5B41DB01523C}.Debug|Any CPU.ActiveCfg = Debug|Any CPU
		{F29D116D-F98C-3D3D-FF29-5B41DB01523C}.Debug|Any CPU.Build.0 = Debug|Any CPU
		{F29D116D-F98C-3D3D-FF29-5B41DB01523C}.Release|Any CPU.ActiveCfg = Release|Any CPU
		{F29D116D-F98C-3D3D-FF29-5B41DB01523C}.Release|Any CPU.Build.0 = Release|Any CPU
		{644D5CEC-1AC3-8FC0-706A-DBEF0875ECE0}.Debug|Any CPU.ActiveCfg = Debug|Any CPU
		{644D5CEC-1AC3-8FC0-706A-DBEF0875ECE0}.Debug|Any CPU.Build.0 = Debug|Any CPU
		{644D5CEC-1AC3-8FC0-706A-DBEF0875ECE0}.Release|Any CPU.ActiveCfg = Release|Any CPU
		{644D5CEC-1AC3-8FC0-706A-DBEF0875ECE0}.Release|Any CPU.Build.0 = Release|Any CPU
	EndGlobalSection
	GlobalSection(SolutionProperties) = preSolution
		HideSolutionNode = FALSE
	EndGlobalSection
	GlobalSection(MonoDevelopProperties) = preSolution
		StartupItem = Assembly-CSharp.csproj
	EndGlobalSection
EndGlobal
